// !$*UTF8*$!
{
	archiveVersion = 1;
	classes = {
	};
	objectVersion = 50;
	objects = {

/* Begin PBXBuildFile section */
		7D039F5223F30050007F1139 /* Constants.swift in Sources */ = {isa = PBXBuildFile; fileRef = 7D039F5123F30050007F1139 /* Constants.swift */; };
		7D039F5523F33751007F1139 /* Toast.swift in Sources */ = {isa = PBXBuildFile; fileRef = 7D039F5423F33751007F1139 /* Toast.swift */; };
		7D08BD1A23F41062008034E1 /* Utilities.swift in Sources */ = {isa = PBXBuildFile; fileRef = 7D08BD1923F41062008034E1 /* Utilities.swift */; };
		7D08BD2123F425A1008034E1 /* Reachability.swift in Sources */ = {isa = PBXBuildFile; fileRef = 7D08BD2023F425A1008034E1 /* Reachability.swift */; };
		7D66F77B23F405A40014B2F2 /* splash1242.png in Resources */ = {isa = PBXBuildFile; fileRef = 7D66F77A23F405A40014B2F2 /* splash1242.png */; };
		7DB0ED3523F18CD9009A866D /* AppDelegate.swift in Sources */ = {isa = PBXBuildFile; fileRef = 7DB0ED3423F18CD9009A866D /* AppDelegate.swift */; };
		7DB0ED3723F18CD9009A866D /* SceneDelegate.swift in Sources */ = {isa = PBXBuildFile; fileRef = 7DB0ED3623F18CD9009A866D /* SceneDelegate.swift */; };
		7DB0ED3923F18CD9009A866D /* ViewController.swift in Sources */ = {isa = PBXBuildFile; fileRef = 7DB0ED3823F18CD9009A866D /* ViewController.swift */; };
		7DB0ED3C23F18CD9009A866D /* Main.storyboard in Resources */ = {isa = PBXBuildFile; fileRef = 7DB0ED3A23F18CD9009A866D /* Main.storyboard */; };
		7DB0ED3E23F18CDB009A866D /* Assets.xcassets in Resources */ = {isa = PBXBuildFile; fileRef = 7DB0ED3D23F18CDB009A866D /* Assets.xcassets */; };
		7DB0ED4123F18CDB009A866D /* LaunchScreen.storyboard in Resources */ = {isa = PBXBuildFile; fileRef = 7DB0ED3F23F18CDB009A866D /* LaunchScreen.storyboard */; };
		7DB0ED4C23F18CDC009A866D /* hiraganaTests.swift in Sources */ = {isa = PBXBuildFile; fileRef = 7DB0ED4B23F18CDC009A866D /* hiraganaTests.swift */; };
		7DB0ED5723F18CDC009A866D /* hiraganaUITests.swift in Sources */ = {isa = PBXBuildFile; fileRef = 7DB0ED5623F18CDC009A866D /* hiraganaUITests.swift */; };
		7DF111EC23F1ADF600426D68 /* SettingViewController.swift in Sources */ = {isa = PBXBuildFile; fileRef = 7DF111EB23F1ADF600426D68 /* SettingViewController.swift */; };
		7DF111EE23F299FC00426D68 /* HttpRequest.swift in Sources */ = {isa = PBXBuildFile; fileRef = 7DF111ED23F299FC00426D68 /* HttpRequest.swift */; };
		7DF111F023F29AE200426D68 /* APIGoo.swift in Sources */ = {isa = PBXBuildFile; fileRef = 7DF111EF23F29AE200426D68 /* APIGoo.swift */; };
		7DF111F423F2A97300426D68 /* APIYahoo.swift in Sources */ = {isa = PBXBuildFile; fileRef = 7DF111F323F2A97300426D68 /* APIYahoo.swift */; };
/* End PBXBuildFile section */

/* Begin PBXContainerItemProxy section */
		7DB0ED4823F18CDC009A866D /* PBXContainerItemProxy */ = {
			isa = PBXContainerItemProxy;
			containerPortal = 7DB0ED2923F18CD9009A866D /* Project object */;
			proxyType = 1;
			remoteGlobalIDString = 7DB0ED3023F18CD9009A866D;
			remoteInfo = hiragana;
		};
		7DB0ED5323F18CDC009A866D /* PBXContainerItemProxy */ = {
			isa = PBXContainerItemProxy;
			containerPortal = 7DB0ED2923F18CD9009A866D /* Project object */;
			proxyType = 1;
			remoteGlobalIDString = 7DB0ED3023F18CD9009A866D;
			remoteInfo = hiragana;
		};
/* End PBXContainerItemProxy section */

/* Begin PBXFileReference section */
		7D039F5123F30050007F1139 /* Constants.swift */ = {isa = PBXFileReference; lastKnownFileType = sourcecode.swift; path = Constants.swift; sourceTree = "<group>"; };
		7D039F5423F33751007F1139 /* Toast.swift */ = {isa = PBXFileReference; fileEncoding = 4; lastKnownFileType = sourcecode.swift; path = Toast.swift; sourceTree = "<group>"; };
		7D08BD1923F41062008034E1 /* Utilities.swift */ = {isa = PBXFileReference; lastKnownFileType = sourcecode.swift; path = Utilities.swift; sourceTree = "<group>"; };
		7D08BD2023F425A1008034E1 /* Reachability.swift */ = {isa = PBXFileReference; fileEncoding = 4; lastKnownFileType = sourcecode.swift; path = Reachability.swift; sourceTree = "<group>"; };
		7D66F77A23F405A40014B2F2 /* splash1242.png */ = {isa = PBXFileReference; lastKnownFileType = image.png; path = splash1242.png; sourceTree = "<group>"; };
		7DB0ED3123F18CD9009A866D /* hiragana.app */ = {isa = PBXFileReference; explicitFileType = wrapper.application; includeInIndex = 0; path = hiragana.app; sourceTree = BUILT_PRODUCTS_DIR; };
		7DB0ED3423F18CD9009A866D /* AppDelegate.swift */ = {isa = PBXFileReference; lastKnownFileType = sourcecode.swift; path = AppDelegate.swift; sourceTree = "<group>"; };
		7DB0ED3623F18CD9009A866D /* SceneDelegate.swift */ = {isa = PBXFileReference; lastKnownFileType = sourcecode.swift; path = SceneDelegate.swift; sourceTree = "<group>"; };
		7DB0ED3823F18CD9009A866D /* ViewController.swift */ = {isa = PBXFileReference; lastKnownFileType = sourcecode.swift; path = ViewController.swift; sourceTree = "<group>"; };
		7DB0ED3B23F18CD9009A866D /* Base */ = {isa = PBXFileReference; lastKnownFileType = file.storyboard; name = Base; path = Base.lproj/Main.storyboard; sourceTree = "<group>"; };
		7DB0ED3D23F18CDB009A866D /* Assets.xcassets */ = {isa = PBXFileReference; lastKnownFileType = folder.assetcatalog; path = Assets.xcassets; sourceTree = "<group>"; };
		7DB0ED4023F18CDB009A866D /* Base */ = {isa = PBXFileReference; lastKnownFileType = file.storyboard; name = Base; path = Base.lproj/LaunchScreen.storyboard; sourceTree = "<group>"; };
		7DB0ED4223F18CDB009A866D /* Info.plist */ = {isa = PBXFileReference; lastKnownFileType = text.plist.xml; path = Info.plist; sourceTree = "<group>"; };
		7DB0ED4723F18CDC009A866D /* hiraganaTests.xctest */ = {isa = PBXFileReference; explicitFileType = wrapper.cfbundle; includeInIndex = 0; path = hiraganaTests.xctest; sourceTree = BUILT_PRODUCTS_DIR; };
		7DB0ED4B23F18CDC009A866D /* hiraganaTests.swift */ = {isa = PBXFileReference; lastKnownFileType = sourcecode.swift; path = hiraganaTests.swift; sourceTree = "<group>"; };
		7DB0ED4D23F18CDC009A866D /* Info.plist */ = {isa = PBXFileReference; lastKnownFileType = text.plist.xml; path = Info.plist; sourceTree = "<group>"; };
		7DB0ED5223F18CDC009A866D /* hiraganaUITests.xctest */ = {isa = PBXFileReference; explicitFileType = wrapper.cfbundle; includeInIndex = 0; path = hiraganaUITests.xctest; sourceTree = BUILT_PRODUCTS_DIR; };
		7DB0ED5623F18CDC009A866D /* hiraganaUITests.swift */ = {isa = PBXFileReference; lastKnownFileType = sourcecode.swift; path = hiraganaUITests.swift; sourceTree = "<group>"; };
		7DB0ED5823F18CDC009A866D /* Info.plist */ = {isa = PBXFileReference; lastKnownFileType = text.plist.xml; path = Info.plist; sourceTree = "<group>"; };
		7DF111EB23F1ADF600426D68 /* SettingViewController.swift */ = {isa = PBXFileReference; lastKnownFileType = sourcecode.swift; path = SettingViewController.swift; sourceTree = "<group>"; };
		7DF111ED23F299FC00426D68 /* HttpRequest.swift */ = {isa = PBXFileReference; lastKnownFileType = sourcecode.swift; path = HttpRequest.swift; sourceTree = "<group>"; };
		7DF111EF23F29AE200426D68 /* APIGoo.swift */ = {isa = PBXFileReference; lastKnownFileType = sourcecode.swift; path = APIGoo.swift; sourceTree = "<group>"; };
		7DF111F323F2A97300426D68 /* APIYahoo.swift */ = {isa = PBXFileReference; lastKnownFileType = sourcecode.swift; path = APIYahoo.swift; sourceTree = "<group>"; };
/* End PBXFileReference section */

/* Begin PBXFrameworksBuildPhase section */
		7DB0ED2E23F18CD9009A866D /* Frameworks */ = {
			isa = PBXFrameworksBuildPhase;
			buildActionMask = 2147483647;
			files = (
			);
			runOnlyForDeploymentPostprocessing = 0;
		};
		7DB0ED4423F18CDC009A866D /* Frameworks */ = {
			isa = PBXFrameworksBuildPhase;
			buildActionMask = 2147483647;
			files = (
			);
			runOnlyForDeploymentPostprocessing = 0;
		};
		7DB0ED4F23F18CDC009A866D /* Frameworks */ = {
			isa = PBXFrameworksBuildPhase;
			buildActionMask = 2147483647;
			files = (
			);
			runOnlyForDeploymentPostprocessing = 0;
		};
/* End PBXFrameworksBuildPhase section */

/* Begin PBXGroup section */
		7D039F5323F33751007F1139 /* External */ = {
			isa = PBXGroup;
			children = (
				7D08BD2023F425A1008034E1 /* Reachability.swift */,
				7D039F5423F33751007F1139 /* Toast.swift */,
			);
			path = External;
			sourceTree = "<group>";
		};
		7D08BD1B23F4106A008034E1 /* Utilities */ = {
			isa = PBXGroup;
			children = (
				7D08BD1923F41062008034E1 /* Utilities.swift */,
			);
			path = Utilities;
			sourceTree = "<group>";
		};
		7D66F77923F405A40014B2F2 /* Asset */ = {
			isa = PBXGroup;
			children = (
				7D66F77A23F405A40014B2F2 /* splash1242.png */,
			);
			path = Asset;
			sourceTree = "<group>";
		};
		7DB0ED2823F18CD9009A866D = {
			isa = PBXGroup;
			children = (
				7DB0ED3323F18CD9009A866D /* hiragana */,
				7DB0ED4A23F18CDC009A866D /* hiraganaTests */,
				7DB0ED5523F18CDC009A866D /* hiraganaUITests */,
				7DB0ED3223F18CD9009A866D /* Products */,
			);
			sourceTree = "<group>";
		};
		7DB0ED3223F18CD9009A866D /* Products */ = {
			isa = PBXGroup;
			children = (
				7DB0ED3123F18CD9009A866D /* hiragana.app */,
				7DB0ED4723F18CDC009A866D /* hiraganaTests.xctest */,
				7DB0ED5223F18CDC009A866D /* hiraganaUITests.xctest */,
			);
			name = Products;
			sourceTree = "<group>";
		};
		7DB0ED3323F18CD9009A866D /* hiragana */ = {
			isa = PBXGroup;
			children = (
				7DB0ED3423F18CD9009A866D /* AppDelegate.swift */,
				7DB0ED3623F18CD9009A866D /* SceneDelegate.swift */,
				7D039F5123F30050007F1139 /* Constants.swift */,
				7DB0ED3A23F18CD9009A866D /* Main.storyboard */,
				7DB0ED3D23F18CDB009A866D /* Assets.xcassets */,
				7DB0ED3F23F18CDB009A866D /* LaunchScreen.storyboard */,
				7DB0ED4223F18CDB009A866D /* Info.plist */,
				7DF111F223F2A7B600426D68 /* ViewController */,
				7DF111F123F2A79500426D68 /* API */,
				7D039F5323F33751007F1139 /* External */,
				7D66F77923F405A40014B2F2 /* Asset */,
				7D08BD1B23F4106A008034E1 /* Utilities */,
			);
			path = hiragana;
			sourceTree = "<group>";
		};
		7DB0ED4A23F18CDC009A866D /* hiraganaTests */ = {
			isa = PBXGroup;
			children = (
				7DB0ED4B23F18CDC009A866D /* hiraganaTests.swift */,
				7DB0ED4D23F18CDC009A866D /* Info.plist */,
			);
			path = hiraganaTests;
			sourceTree = "<group>";
		};
		7DB0ED5523F18CDC009A866D /* hiraganaUITests */ = {
			isa = PBXGroup;
			children = (
				7DB0ED5623F18CDC009A866D /* hiraganaUITests.swift */,
				7DB0ED5823F18CDC009A866D /* Info.plist */,
			);
			path = hiraganaUITests;
			sourceTree = "<group>";
		};
		7DF111F123F2A79500426D68 /* API */ = {
			isa = PBXGroup;
			children = (
				7DF111ED23F299FC00426D68 /* HttpRequest.swift */,
				7DF111EF23F29AE200426D68 /* APIGoo.swift */,
				7DF111F323F2A97300426D68 /* APIYahoo.swift */,
			);
			path = API;
			sourceTree = "<group>";
		};
		7DF111F223F2A7B600426D68 /* ViewController */ = {
			isa = PBXGroup;
			children = (
				7DB0ED3823F18CD9009A866D /* ViewController.swift */,
				7DF111EB23F1ADF600426D68 /* SettingViewController.swift */,
			);
			path = ViewController;
			sourceTree = "<group>";
		};
/* End PBXGroup section */

/* Begin PBXNativeTarget section */
		7DB0ED3023F18CD9009A866D /* hiragana */ = {
			isa = PBXNativeTarget;
			buildConfigurationList = 7DB0ED5B23F18CDC009A866D /* Build configuration list for PBXNativeTarget "hiragana" */;
			buildPhases = (
				7DB0ED2D23F18CD9009A866D /* Sources */,
				7DB0ED2E23F18CD9009A866D /* Frameworks */,
				7DB0ED2F23F18CD9009A866D /* Resources */,
			);
			buildRules = (
			);
			dependencies = (
			);
			name = hiragana;
			productName = hiragana;
			productReference = 7DB0ED3123F18CD9009A866D /* hiragana.app */;
			productType = "com.apple.product-type.application";
		};
		7DB0ED4623F18CDC009A866D /* hiraganaTests */ = {
			isa = PBXNativeTarget;
			buildConfigurationList = 7DB0ED5E23F18CDC009A866D /* Build configuration list for PBXNativeTarget "hiraganaTests" */;
			buildPhases = (
				7DB0ED4323F18CDC009A866D /* Sources */,
				7DB0ED4423F18CDC009A866D /* Frameworks */,
				7DB0ED4523F18CDC009A866D /* Resources */,
			);
			buildRules = (
			);
			dependencies = (
				7DB0ED4923F18CDC009A866D /* PBXTargetDependency */,
			);
			name = hiraganaTests;
			productName = hiraganaTests;
			productReference = 7DB0ED4723F18CDC009A866D /* hiraganaTests.xctest */;
			productType = "com.apple.product-type.bundle.unit-test";
		};
		7DB0ED5123F18CDC009A866D /* hiraganaUITests */ = {
			isa = PBXNativeTarget;
			buildConfigurationList = 7DB0ED6123F18CDC009A866D /* Build configuration list for PBXNativeTarget "hiraganaUITests" */;
			buildPhases = (
				7DB0ED4E23F18CDC009A866D /* Sources */,
				7DB0ED4F23F18CDC009A866D /* Frameworks */,
				7DB0ED5023F18CDC009A866D /* Resources */,
			);
			buildRules = (
			);
			dependencies = (
				7DB0ED5423F18CDC009A866D /* PBXTargetDependency */,
			);
			name = hiraganaUITests;
			productName = hiraganaUITests;
			productReference = 7DB0ED5223F18CDC009A866D /* hiraganaUITests.xctest */;
			productType = "com.apple.product-type.bundle.ui-testing";
		};
/* End PBXNativeTarget section */

/* Begin PBXProject section */
		7DB0ED2923F18CD9009A866D /* Project object */ = {
			isa = PBXProject;
			attributes = {
				LastSwiftUpdateCheck = 1130;
				LastUpgradeCheck = 1130;
				ORGANIZATIONNAME = Majorl3oat;
				TargetAttributes = {
					7DB0ED3023F18CD9009A866D = {
						CreatedOnToolsVersion = 11.3;
					};
					7DB0ED4623F18CDC009A866D = {
						CreatedOnToolsVersion = 11.3;
						TestTargetID = 7DB0ED3023F18CD9009A866D;
					};
					7DB0ED5123F18CDC009A866D = {
						CreatedOnToolsVersion = 11.3;
						TestTargetID = 7DB0ED3023F18CD9009A866D;
					};
				};
			};
			buildConfigurationList = 7DB0ED2C23F18CD9009A866D /* Build configuration list for PBXProject "hiragana" */;
			compatibilityVersion = "Xcode 9.3";
			developmentRegion = en;
			hasScannedForEncodings = 0;
			knownRegions = (
				en,
				Base,
			);
			mainGroup = 7DB0ED2823F18CD9009A866D;
			productRefGroup = 7DB0ED3223F18CD9009A866D /* Products */;
			projectDirPath = "";
			projectRoot = "";
			targets = (
				7DB0ED3023F18CD9009A866D /* hiragana */,
				7DB0ED4623F18CDC009A866D /* hiraganaTests */,
				7DB0ED5123F18CDC009A866D /* hiraganaUITests */,
			);
		};
/* End PBXProject section */

/* Begin PBXResourcesBuildPhase section */
		7DB0ED2F23F18CD9009A866D /* Resources */ = {
			isa = PBXResourcesBuildPhase;
			buildActionMask = 2147483647;
			files = (
				7DB0ED4123F18CDB009A866D /* LaunchScreen.storyboard in Resources */,
				7D66F77B23F405A40014B2F2 /* splash1242.png in Resources */,
				7DB0ED3E23F18CDB009A866D /* Assets.xcassets in Resources */,
				7DB0ED3C23F18CD9009A866D /* Main.storyboard in Resources */,
			);
			runOnlyForDeploymentPostprocessing = 0;
		};
		7DB0ED4523F18CDC009A866D /* Resources */ = {
			isa = PBXResourcesBuildPhase;
			buildActionMask = 2147483647;
			files = (
			);
			runOnlyForDeploymentPostprocessing = 0;
		};
		7DB0ED5023F18CDC009A866D /* Resources */ = {
			isa = PBXResourcesBuildPhase;
			buildActionMask = 2147483647;
			files = (
			);
			runOnlyForDeploymentPostprocessing = 0;
		};
/* End PBXResourcesBuildPhase section */

/* Begin PBXSourcesBuildPhase section */
		7DB0ED2D23F18CD9009A866D /* Sources */ = {
			isa = PBXSourcesBuildPhase;
			buildActionMask = 2147483647;
			files = (
				7DB0ED3923F18CD9009A866D /* ViewController.swift in Sources */,
				7DF111F423F2A97300426D68 /* APIYahoo.swift in Sources */,
				7DF111EE23F299FC00426D68 /* HttpRequest.swift in Sources */,
				7DF111F023F29AE200426D68 /* APIGoo.swift in Sources */,
				7DB0ED3523F18CD9009A866D /* AppDelegate.swift in Sources */,
				7DB0ED3723F18CD9009A866D /* SceneDelegate.swift in Sources */,
				7DF111EC23F1ADF600426D68 /* SettingViewController.swift in Sources */,
				7D08BD2123F425A1008034E1 /* Reachability.swift in Sources */,
				7D039F5523F33751007F1139 /* Toast.swift in Sources */,
				7D08BD1A23F41062008034E1 /* Utilities.swift in Sources */,
				7D039F5223F30050007F1139 /* Constants.swift in Sources */,
			);
			runOnlyForDeploymentPostprocessing = 0;
		};
		7DB0ED4323F18CDC009A866D /* Sources */ = {
			isa = PBXSourcesBuildPhase;
			buildActionMask = 2147483647;
			files = (
				7DB0ED4C23F18CDC009A866D /* hiraganaTests.swift in Sources */,
			);
			runOnlyForDeploymentPostprocessing = 0;
		};
		7DB0ED4E23F18CDC009A866D /* Sources */ = {
			isa = PBXSourcesBuildPhase;
			buildActionMask = 2147483647;
			files = (
				7DB0ED5723F18CDC009A866D /* hiraganaUITests.swift in Sources */,
			);
			runOnlyForDeploymentPostprocessing = 0;
		};
/* End PBXSourcesBuildPhase section */

/* Begin PBXTargetDependency section */
		7DB0ED4923F18CDC009A866D /* PBXTargetDependency */ = {
			isa = PBXTargetDependency;
			target = 7DB0ED3023F18CD9009A866D /* hiragana */;
			targetProxy = 7DB0ED4823F18CDC009A866D /* PBXContainerItemProxy */;
		};
		7DB0ED5423F18CDC009A866D /* PBXTargetDependency */ = {
			isa = PBXTargetDependency;
			target = 7DB0ED3023F18CD9009A866D /* hiragana */;
			targetProxy = 7DB0ED5323F18CDC009A866D /* PBXContainerItemProxy */;
		};
/* End PBXTargetDependency section */

/* Begin PBXVariantGroup section */
		7DB0ED3A23F18CD9009A866D /* Main.storyboard */ = {
			isa = PBXVariantGroup;
			children = (
				7DB0ED3B23F18CD9009A866D /* Base */,
			);
			name = Main.storyboard;
			sourceTree = "<group>";
		};
		7DB0ED3F23F18CDB009A866D /* LaunchScreen.storyboard */ = {
			isa = PBXVariantGroup;
			children = (
				7DB0ED4023F18CDB009A866D /* Base */,
			);
			name = LaunchScreen.storyboard;
			sourceTree = "<group>";
		};
/* End PBXVariantGroup section */

/* Begin XCBuildConfiguration section */
		7DB0ED5923F18CDC009A866D /* Debug */ = {
			isa = XCBuildConfiguration;
			buildSettings = {
				ALWAYS_SEARCH_USER_PATHS = NO;
				CLANG_ANALYZER_NONNULL = YES;
				CLANG_ANALYZER_NUMBER_OBJECT_CONVERSION = YES_AGGRESSIVE;
				CLANG_CXX_LANGUAGE_STANDARD = "gnu++14";
				CLANG_CXX_LIBRARY = "libc++";
				CLANG_ENABLE_MODULES = YES;
				CLANG_ENABLE_OBJC_ARC = YES;
				CLANG_ENABLE_OBJC_WEAK = YES;
				CLANG_WARN_BLOCK_CAPTURE_AUTORELEASING = YES;
				CLANG_WARN_BOOL_CONVERSION = YES;
				CLANG_WARN_COMMA = YES;
				CLANG_WARN_CONSTANT_CONVERSION = YES;
				CLANG_WARN_DEPRECATED_OBJC_IMPLEMENTATIONS = YES;
				CLANG_WARN_DIRECT_OBJC_ISA_USAGE = YES_ERROR;
				CLANG_WARN_DOCUMENTATION_COMMENTS = YES;
				CLANG_WARN_EMPTY_BODY = YES;
				CLANG_WARN_ENUM_CONVERSION = YES;
				CLANG_WARN_INFINITE_RECURSION = YES;
				CLANG_WARN_INT_CONVERSION = YES;
				CLANG_WARN_NON_LITERAL_NULL_CONVERSION = YES;
				CLANG_WARN_OBJC_IMPLICIT_RETAIN_SELF = YES;
				CLANG_WARN_OBJC_LITERAL_CONVERSION = YES;
				CLANG_WARN_OBJC_ROOT_CLASS = YES_ERROR;
				CLANG_WARN_RANGE_LOOP_ANALYSIS = YES;
				CLANG_WARN_STRICT_PROTOTYPES = YES;
				CLANG_WARN_SUSPICIOUS_MOVE = YES;
				CLANG_WARN_UNGUARDED_AVAILABILITY = YES_AGGRESSIVE;
				CLANG_WARN_UNREACHABLE_CODE = YES;
				CLANG_WARN__DUPLICATE_METHOD_MATCH = YES;
				COPY_PHASE_STRIP = NO;
				DEBUG_INFORMATION_FORMAT = dwarf;
				ENABLE_STRICT_OBJC_MSGSEND = YES;
				ENABLE_TESTABILITY = YES;
				GCC_C_LANGUAGE_STANDARD = gnu11;
				GCC_DYNAMIC_NO_PIC = NO;
				GCC_NO_COMMON_BLOCKS = YES;
				GCC_OPTIMIZATION_LEVEL = 0;
				GCC_PREPROCESSOR_DEFINITIONS = (
					"DEBUG=1",
					"$(inherited)",
				);
				GCC_WARN_64_TO_32_BIT_CONVERSION = YES;
				GCC_WARN_ABOUT_RETURN_TYPE = YES_ERROR;
				GCC_WARN_UNDECLARED_SELECTOR = YES;
				GCC_WARN_UNINITIALIZED_AUTOS = YES_AGGRESSIVE;
				GCC_WARN_UNUSED_FUNCTION = YES;
				GCC_WARN_UNUSED_VARIABLE = YES;
				IPHONEOS_DEPLOYMENT_TARGET = 13.2;
				MTL_ENABLE_DEBUG_INFO = INCLUDE_SOURCE;
				MTL_FAST_MATH = YES;
				ONLY_ACTIVE_ARCH = YES;
				SDKROOT = iphoneos;
				SWIFT_ACTIVE_COMPILATION_CONDITIONS = DEBUG;
				SWIFT_OPTIMIZATION_LEVEL = "-Onone";
			};
			name = Debug;
		};
		7DB0ED5A23F18CDC009A866D /* Release */ = {
			isa = XCBuildConfiguration;
			buildSettings = {
				ALWAYS_SEARCH_USER_PATHS = NO;
				CLANG_ANALYZER_NONNULL = YES;
				CLANG_ANALYZER_NUMBER_OBJECT_CONVERSION = YES_AGGRESSIVE;
				CLANG_CXX_LANGUAGE_STANDARD = "gnu++14";
				CLANG_CXX_LIBRARY = "libc++";
				CLANG_ENABLE_MODULES = YES;
				CLANG_ENABLE_OBJC_ARC = YES;
				CLANG_ENABLE_OBJC_WEAK = YES;
				CLANG_WARN_BLOCK_CAPTURE_AUTORELEASING = YES;
				CLANG_WARN_BOOL_CONVERSION = YES;
				CLANG_WARN_COMMA = YES;
				CLANG_WARN_CONSTANT_CONVERSION = YES;
				CLANG_WARN_DEPRECATED_OBJC_IMPLEMENTATIONS = YES;
				CLANG_WARN_DIRECT_OBJC_ISA_USAGE = YES_ERROR;
				CLANG_WARN_DOCUMENTATION_COMMENTS = YES;
				CLANG_WARN_EMPTY_BODY = YES;
				CLANG_WARN_ENUM_CONVERSION = YES;
				CLANG_WARN_INFINITE_RECURSION = YES;
				CLANG_WARN_INT_CONVERSION = YES;
				CLANG_WARN_NON_LITERAL_NULL_CONVERSION = YES;
				CLANG_WARN_OBJC_IMPLICIT_RETAIN_SELF = YES;
				CLANG_WARN_OBJC_LITERAL_CONVERSION = YES;
				CLANG_WARN_OBJC_ROOT_CLASS = YES_ERROR;
				CLANG_WARN_RANGE_LOOP_ANALYSIS = YES;
				CLANG_WARN_STRICT_PROTOTYPES = YES;
				CLANG_WARN_SUSPICIOUS_MOVE = YES;
				CLANG_WARN_UNGUARDED_AVAILABILITY = YES_AGGRESSIVE;
				CLANG_WARN_UNREACHABLE_CODE = YES;
				CLANG_WARN__DUPLICATE_METHOD_MATCH = YES;
				COPY_PHASE_STRIP = NO;
				DEBUG_INFORMATION_FORMAT = "dwarf-with-dsym";
				ENABLE_NS_ASSERTIONS = NO;
				ENABLE_STRICT_OBJC_MSGSEND = YES;
				GCC_C_LANGUAGE_STANDARD = gnu11;
				GCC_NO_COMMON_BLOCKS = YES;
				GCC_WARN_64_TO_32_BIT_CONVERSION = YES;
				GCC_WARN_ABOUT_RETURN_TYPE = YES_ERROR;
				GCC_WARN_UNDECLARED_SELECTOR = YES;
				GCC_WARN_UNINITIALIZED_AUTOS = YES_AGGRESSIVE;
				GCC_WARN_UNUSED_FUNCTION = YES;
				GCC_WARN_UNUSED_VARIABLE = YES;
				IPHONEOS_DEPLOYMENT_TARGET = 13.2;
				MTL_ENABLE_DEBUG_INFO = NO;
				MTL_FAST_MATH = YES;
				SDKROOT = iphoneos;
				SWIFT_COMPILATION_MODE = wholemodule;
				SWIFT_OPTIMIZATION_LEVEL = "-O";
				VALIDATE_PRODUCT = YES;
			};
			name = Release;
		};
		7DB0ED5C23F18CDC009A866D /* Debug */ = {
			isa = XCBuildConfiguration;
			buildSettings = {
				ASSETCATALOG_COMPILER_APPICON_NAME = AppIcon;
				CODE_SIGN_STYLE = Automatic;
				DEVELOPMENT_TEAM = 2LV49PE5CB;
				INFOPLIST_FILE = hiragana/Info.plist;
				LD_RUNPATH_SEARCH_PATHS = (
					"$(inherited)",
					"@executable_path/Frameworks",
				);
				PRODUCT_BUNDLE_IDENTIFIER = com.majorl3oat.hiragana;
				PRODUCT_NAME = "$(TARGET_NAME)";
				SWIFT_VERSION = 5.0;
				TARGETED_DEVICE_FAMILY = 1;
			};
			name = Debug;
		};
		7DB0ED5D23F18CDC009A866D /* Release */ = {
			isa = XCBuildConfiguration;
			buildSettings = {
				ASSETCATALOG_COMPILER_APPICON_NAME = AppIcon;
				CODE_SIGN_STYLE = Automatic;
				DEVELOPMENT_TEAM = 2LV49PE5CB;
				INFOPLIST_FILE = hiragana/Info.plist;
				LD_RUNPATH_SEARCH_PATHS = (
					"$(inherited)",
					"@executable_path/Frameworks",
				);
				PRODUCT_BUNDLE_IDENTIFIER = com.majorl3oat.hiragana;
				PRODUCT_NAME = "$(TARGET_NAME)";
				SWIFT_VERSION = 5.0;
				TARGETED_DEVICE_FAMILY = 1;
			};
			name = Release;
		};
		7DB0ED5F23F18CDC009A866D /* Debug */ = {
			isa = XCBuildConfiguration;
			buildSettings = {
				ALWAYS_EMBED_SWIFT_STANDARD_LIBRARIES = YES;
				BUNDLE_LOADER = "$(TEST_HOST)";
				CODE_SIGN_STYLE = Automatic;
				DEVELOPMENT_TEAM = 2LV49PE5CB;
				INFOPLIST_FILE = hiraganaTests/Info.plist;
				IPHONEOS_DEPLOYMENT_TARGET = 13.2;
				LD_RUNPATH_SEARCH_PATHS = (
					"$(inherited)",
					"@executable_path/Frameworks",
					"@loader_path/Frameworks",
				);
				PRODUCT_BUNDLE_IDENTIFIER = com.majorl3oat.hiraganaTests;
				PRODUCT_NAME = "$(TARGET_NAME)";
				SWIFT_VERSION = 5.0;
				TARGETED_DEVICE_FAMILY = "1,2";
				TEST_HOST = "$(BUILT_PRODUCTS_DIR)/hiragana.app/hiragana";
			};
			name = Debug;
		};
		7DB0ED6023F18CDC009A866D /* Release */ = {
			isa = XCBuildConfiguration;
			buildSettings = {
				ALWAYS_EMBED_SWIFT_STANDARD_LIBRARIES = YES;
				BUNDLE_LOADER = "$(TEST_HOST)";
				CODE_SIGN_STYLE = Automatic;
				DEVELOPMENT_TEAM = 2LV49PE5CB;
				INFOPLIST_FILE = hiraganaTests/Info.plist;
				IPHONEOS_DEPLOYMENT_TARGET = 13.2;
				LD_RUNPATH_SEARCH_PATHS = (
					"$(inherited)",
					"@executable_path/Frameworks",
					"@loader_path/Frameworks",
				);
				PRODUCT_BUNDLE_IDENTIFIER = com.majorl3oat.hiraganaTests;
				PRODUCT_NAME = "$(TARGET_NAME)";
				SWIFT_VERSION = 5.0;
				TARGETED_DEVICE_FAMILY = "1,2";
				TEST_HOST = "$(BUILT_PRODUCTS_DIR)/hiragana.app/hiragana";
			};
			name = Release;
		};
		7DB0ED6223F18CDC009A866D /* Debug */ = {
			isa = XCBuildConfiguration;
			buildSettings = {
				ALWAYS_EMBED_SWIFT_STANDARD_LIBRARIES = YES;
				CODE_SIGN_STYLE = Automatic;
				DEVELOPMENT_TEAM = 2LV49PE5CB;
				INFOPLIST_FILE = hiraganaUITests/Info.plist;
				LD_RUNPATH_SEARCH_PATHS = (
					"$(inherited)",
					"@executable_path/Frameworks",
					"@loader_path/Frameworks",
				);
				PRODUCT_BUNDLE_IDENTIFIER = com.majorl3oat.hiraganaUITests;
				PRODUCT_NAME = "$(TARGET_NAME)";
				SWIFT_VERSION = 5.0;
				TARGETED_DEVICE_FAMILY = "1,2";
				TEST_TARGET_NAME = hiragana;
			};
			name = Debug;
		};
		7DB0ED6323F18CDC009A866D /* Release */ = {
			isa = XCBuildConfiguration;
			buildSettings = {
				ALWAYS_EMBED_SWIFT_STANDARD_LIBRARIES = YES;
				CODE_SIGN_STYLE = Automatic;
				DEVELOPMENT_TEAM = 2LV49PE5CB;
				INFOPLIST_FILE = hiraganaUITests/Info.plist;
				LD_RUNPATH_SEARCH_PATHS = (
					"$(inherited)",
					"@executable_path/Frameworks",
					"@loader_path/Frameworks",
				);
				PRODUCT_BUNDLE_IDENTIFIER = com.majorl3oat.hiraganaUITests;
				PRODUCT_NAME = "$(TARGET_NAME)";
				SWIFT_VERSION = 5.0;
				TARGETED_DEVICE_FAMILY = "1,2";
				TEST_TARGET_NAME = hiragana;
			};
			name = Release;
		};
/* End XCBuildConfiguration section */

/* Begin XCConfigurationList section */
		7DB0ED2C23F18CD9009A866D /* Build configuration list for PBXProject "hiragana" */ = {
			isa = XCConfigurationList;
			buildConfigurations = (
				7DB0ED5923F18CDC009A866D /* Debug */,
				7DB0ED5A23F18CDC009A866D /* Release */,
			);
			defaultConfigurationIsVisible = 0;
			defaultConfigurationName = Release;
		};
		7DB0ED5B23F18CDC009A866D /* Build configuration list for PBXNativeTarget "hiragana" */ = {
			isa = XCConfigurationList;
			buildConfigurations = (
				7DB0ED5C23F18CDC009A866D /* Debug */,
				7DB0ED5D23F18CDC009A866D /* Release */,
			);
			defaultConfigurationIsVisible = 0;
			defaultConfigurationName = Release;
		};
		7DB0ED5E23F18CDC009A866D /* Build configuration list for PBXNativeTarget "hiraganaTests" */ = {
			isa = XCConfigurationList;
			buildConfigurations = (
				7DB0ED5F23F18CDC009A866D /* Debug */,
				7DB0ED6023F18CDC009A866D /* Release */,
			);
			defaultConfigurationIsVisible = 0;
			defaultConfigurationName = Release;
		};
		7DB0ED6123F18CDC009A866D /* Build configuration list for PBXNativeTarget "hiraganaUITests" */ = {
			isa = XCConfigurationList;
			buildConfigurations = (
				7DB0ED6223F18CDC009A866D /* Debug */,
				7DB0ED6323F18CDC009A866D /* Release */,
			);
			defaultConfigurationIsVisible = 0;
			defaultConfigurationName = Release;
		};
/* End XCConfigurationList section */
	};
	rootObject = 7DB0ED2923F18CD9009A866D /* Project object */;
}
